
Microsoft Visual Studio Solution File, Format Version 12.00
# Visual Studio 15
VisualStudioVersion = 15.0.28307.438
MinimumVisualStudioVersion = 10.0.40219.1
Project("{FAE04EC0-301F-11D3-BF4B-00C04F79EFBC}") = "App02_Xamarin.Android", "App02_Xamarin\App02_Xamarin.Android\App02_Xamarin.Android.csproj", "{00066174-ED9F-44DA-A6F3-86D7F88A4AEE}"
EndProject
Project("{FAE04EC0-301F-11D3-BF4B-00C04F79EFBC}") = "App02_Xamarin.iOS", "App02_Xamarin\App02_Xamarin.iOS\App02_Xamarin.iOS.csproj", "{B670FB68-50BA-4E7E-B926-B0FCC5D0BB6C}"
EndProject
Project("{FAE04EC0-301F-11D3-BF4B-00C04F79EFBC}") = "App02_Xamarin", "App02_Xamarin\App02_Xamarin\App02_Xamarin.csproj", "{7409C225-7999-4603-A276-0BBFC242B044}"
EndProject
Global
	GlobalSection(SolutionConfigurationPlatforms) = preSolution
		Ad-Hoc|Any CPU = Ad-Hoc|Any CPU
		Ad-Hoc|iPhone = Ad-Hoc|iPhone
		Ad-Hoc|iPhoneSimulator = Ad-Hoc|iPhoneSimulator
		AppStore|Any CPU = AppStore|Any CPU
		AppStore|iPhone = AppStore|iPhone
		AppStore|iPhoneSimulator = AppStore|iPhoneSimulator
		Debug|Any CPU = Debug|Any CPU
		Debug|iPhone = Debug|iPhone
		Debug|iPhoneSimulator = Debug|iPhoneSimulator
		Release|Any CPU = Release|Any CPU
		Release|iPhone = Release|iPhone
		Release|iPhoneSimulator = Release|iPhoneSimulator
	EndGlobalSection
	GlobalSection(ProjectConfigurationPlatforms) = postSolution
		{00066174-ED9F-44DA-A6F3-86D7F88A4AEE}.Ad-Hoc|Any CPU.ActiveCfg = Release|Any CPU
		{00066174-ED9F-44DA-A6F3-86D7F88A4AEE}.Ad-Hoc|Any CPU.Build.0 = Release|Any CPU
		{00066174-ED9F-44DA-A6F3-86D7F88A4AEE}.Ad-Hoc|Any CPU.Deploy.0 = Release|Any CPU
		{00066174-ED9F-44DA-A6F3-86D7F88A4AEE}.Ad-Hoc|iPhone.ActiveCfg = Release|Any CPU
		{00066174-ED9F-44DA-A6F3-86D7F88A4AEE}.Ad-Hoc|iPhone.Build.0 = Release|Any CPU
		{00066174-ED9F-44DA-A6F3-86D7F88A4AEE}.Ad-Hoc|iPhone.Deploy.0 = Release|Any CPU
		{00066174-ED9F-44DA-A6F3-86D7F88A4AEE}.Ad-Hoc|iPhoneSimulator.ActiveCfg = Release|Any CPU
		{00066174-ED9F-44DA-A6F3-86D7F88A4AEE}.Ad-Hoc|iPhoneSimulator.Build.0 = Release|Any CPU
		{00066174-ED9F-44DA-A6F3-86D7F88A4AEE}.Ad-Hoc|iPhoneSimulator.Deploy.0 = Release|Any CPU
		{00066174-ED9F-44DA-A6F3-86D7F88A4AEE}.AppStore|Any CPU.ActiveCfg = Release|Any CPU
		{00066174-ED9F-44DA-A6F3-86D7F88A4AEE}.AppStore|Any CPU.Build.0 = Release|Any CPU
		{00066174-ED9F-44DA-A6F3-86D7F88A4AEE}.AppStore|Any CPU.Deploy.0 = Release|Any CPU
		{00066174-ED9F-44DA-A6F3-86D7F88A4AEE}.AppStore|iPhone.ActiveCfg = Release|Any CPU
		{00066174-ED9F-44DA-A6F3-86D7F88A4AEE}.AppStore|iPhone.Build.0 = Release|Any CPU
		{00066174-ED9F-44DA-A6F3-86D7F88A4AEE}.AppStore|iPhone.Deploy.0 = Release|Any CPU
		{00066174-ED9F-44DA-A6F3-86D7F88A4AEE}.AppStore|iPhoneSimulator.ActiveCfg = Release|Any CPU
		{00066174-ED9F-44DA-A6F3-86D7F88A4AEE}.AppStore|iPhoneSimulator.Build.0 = Release|Any CPU
		{00066174-ED9F-44DA-A6F3-86D7F88A4AEE}.AppStore|iPhoneSimulator.Deploy.0 = Release|Any CPU
		{00066174-ED9F-44DA-A6F3-86D7F88A4AEE}.Debug|Any CPU.ActiveCfg = Debug|Any CPU
		{00066174-ED9F-44DA-A6F3-86D7F88A4AEE}.Debug|Any CPU.Build.0 = Debug|Any CPU
		{00066174-ED9F-44DA-A6F3-86D7F88A4AEE}.Debug|Any CPU.Deploy.0 = Debug|Any CPU
		{00066174-ED9F-44DA-A6F3-86D7F88A4AEE}.Debug|iPhone.ActiveCfg = Debug|Any CPU
		{00066174-ED9F-44DA-A6F3-86D7F88A4AEE}.Debug|iPhone.Build.0 = Debug|Any CPU
		{00066174-ED9F-44DA-A6F3-86D7F88A4AEE}.Debug|iPhone.Deploy.0 = Debug|Any CPU
		{00066174-ED9F-44DA-A6F3-86D7F88A4AEE}.Debug|iPhoneSimulator.ActiveCfg = Debug|Any CPU
		{00066174-ED9F-44DA-A6F3-86D7F88A4AEE}.Debug|iPhoneSimulator.Build.0 = Debug|Any CPU
		{00066174-ED9F-44DA-A6F3-86D7F88A4AEE}.Debug|iPhoneSimulator.Deploy.0 = Debug|Any CPU
		{00066174-ED9F-44DA-A6F3-86D7F88A4AEE}.Release|Any CPU.ActiveCfg = Release|Any CPU
		{00066174-ED9F-44DA-A6F3-86D7F88A4AEE}.Release|Any CPU.Build.0 = Release|Any CPU
		{00066174-ED9F-44DA-A6F3-86D7F88A4AEE}.Release|Any CPU.Deploy.0 = Release|Any CPU
		{00066174-ED9F-44DA-A6F3-86D7F88A4AEE}.Release|iPhone.ActiveCfg = Release|Any CPU
		{00066174-ED9F-44DA-A6F3-86D7F88A4AEE}.Release|iPhone.Build.0 = Release|Any CPU
		{00066174-ED9F-44DA-A6F3-86D7F88A4AEE}.Release|iPhone.Deploy.0 = Release|Any CPU
		{00066174-ED9F-44DA-A6F3-86D7F88A4AEE}.Release|iPhoneSimulator.ActiveCfg = Release|Any CPU
		{00066174-ED9F-44DA-A6F3-86D7F88A4AEE}.Release|iPhoneSimulator.Build.0 = Release|Any CPU
		{00066174-ED9F-44DA-A6F3-86D7F88A4AEE}.Release|iPhoneSimulator.Deploy.0 = Release|Any CPU
		{B670FB68-50BA-4E7E-B926-B0FCC5D0BB6C}.Ad-Hoc|Any CPU.ActiveCfg = Ad-Hoc|iPhone
		{B670FB68-50BA-4E7E-B926-B0FCC5D0BB6C}.Ad-Hoc|Any CPU.Build.0 = Ad-Hoc|iPhone
		{B670FB68-50BA-4E7E-B926-B0FCC5D0BB6C}.Ad-Hoc|Any CPU.Deploy.0 = Ad-Hoc|iPhone
		{B670FB68-50BA-4E7E-B926-B0FCC5D0BB6C}.Ad-Hoc|iPhone.ActiveCfg = Ad-Hoc|iPhone
		{B670FB68-50BA-4E7E-B926-B0FCC5D0BB6C}.Ad-Hoc|iPhone.Build.0 = Ad-Hoc|iPhone
		{B670FB68-50BA-4E7E-B926-B0FCC5D0BB6C}.Ad-Hoc|iPhone.Deploy.0 = Ad-Hoc|iPhone
		{B670FB68-50BA-4E7E-B926-B0FCC5D0BB6C}.Ad-Hoc|iPhoneSimulator.ActiveCfg = Ad-Hoc|iPhoneSimulator
		{B670FB68-50BA-4E7E-B926-B0FCC5D0BB6C}.Ad-Hoc|iPhoneSimulator.Build.0 = Ad-Hoc|iPhoneSimulator
		{B670FB68-50BA-4E7E-B926-B0FCC5D0BB6C}.Ad-Hoc|iPhoneSimulator.Deploy.0 = Ad-Hoc|iPhoneSimulator
		{B670FB68-50BA-4E7E-B926-B0FCC5D0BB6C}.AppStore|Any CPU.ActiveCfg = AppStore|iPhone
		{B670FB68-50BA-4E7E-B926-B0FCC5D0BB6C}.AppStore|Any CPU.Build.0 = AppStore|iPhone
		{B670FB68-50BA-4E7E-B926-B0FCC5D0BB6C}.AppStore|Any CPU.Deploy.0 = AppStore|iPhone
		{B670FB68-50BA-4E7E-B926-B0FCC5D0BB6C}.AppStore|iPhone.ActiveCfg = AppStore|iPhone
		{B670FB68-50BA-4E7E-B926-B0FCC5D0BB6C}.AppStore|iPhone.Build.0 = AppStore|iPhone
		{B670FB68-50BA-4E7E-B926-B0FCC5D0BB6C}.AppStore|iPhone.Deploy.0 = AppStore|iPhone
		{B670FB68-50BA-4E7E-B926-B0FCC5D0BB6C}.AppStore|iPhoneSimulator.ActiveCfg = AppStore|iPhoneSimulator
		{B670FB68-50BA-4E7E-B926-B0FCC5D0BB6C}.AppStore|iPhoneSimulator.Build.0 = AppStore|iPhoneSimulator
		{B670FB68-50BA-4E7E-B926-B0FCC5D0BB6C}.AppStore|iPhoneSimulator.Deploy.0 = AppStore|iPhoneSimulator
		{B670FB68-50BA-4E7E-B926-B0FCC5D0BB6C}.Debug|Any CPU.ActiveCfg = Debug|iPhoneSimulator
		{B670FB68-50BA-4E7E-B926-B0FCC5D0BB6C}.Debug|Any CPU.Build.0 = Debug|iPhoneSimulator
		{B670FB68-50BA-4E7E-B926-B0FCC5D0BB6C}.Debug|Any CPU.Deploy.0 = Debug|iPhoneSimulator
		{B670FB68-50BA-4E7E-B926-B0FCC5D0BB6C}.Debug|iPhone.ActiveCfg = Debug|iPhone
		{B670FB68-50BA-4E7E-B926-B0FCC5D0BB6C}.Debug|iPhone.Build.0 = Debug|iPhone
		{B670FB68-50BA-4E7E-B926-B0FCC5D0BB6C}.Debug|iPhone.Deploy.0 = Debug|iPhone
		{B670FB68-50BA-4E7E-B926-B0FCC5D0BB6C}.Debug|iPhoneSimulator.ActiveCfg = Debug|iPhoneSimulator
		{B670FB68-50BA-4E7E-B926-B0FCC5D0BB6C}.Debug|iPhoneSimulator.Build.0 = Debug|iPhoneSimulator
		{B670FB68-50BA-4E7E-B926-B0FCC5D0BB6C}.Debug|iPhoneSimulator.Deploy.0 = Debug|iPhoneSimulator
		{B670FB68-50BA-4E7E-B926-B0FCC5D0BB6C}.Release|Any CPU.ActiveCfg = Release|iPhone
		{B670FB68-50BA-4E7E-B926-B0FCC5D0BB6C}.Release|Any CPU.Build.0 = Release|iPhone
		{B670FB68-50BA-4E7E-B926-B0FCC5D0BB6C}.Release|Any CPU.Deploy.0 = Release|iPhone
		{B670FB68-50BA-4E7E-B926-B0FCC5D0BB6C}.Release|iPhone.ActiveCfg = Release|iPhone
		{B670FB68-50BA-4E7E-B926-B0FCC5D0BB6C}.Release|iPhone.Build.0 = Release|iPhone
		{B670FB68-50BA-4E7E-B926-B0FCC5D0BB6C}.Release|iPhone.Deploy.0 = Release|iPhone
		{B670FB68-50BA-4E7E-B926-B0FCC5D0BB6C}.Release|iPhoneSimulator.ActiveCfg = Release|iPhoneSimulator
		{B670FB68-50BA-4E7E-B926-B0FCC5D0BB6C}.Release|iPhoneSimulator.Build.0 = Release|iPhoneSimulator
		{B670FB68-50BA-4E7E-B926-B0FCC5D0BB6C}.Release|iPhoneSimulator.Deploy.0 = Release|iPhoneSimulator
		{7409C225-7999-4603-A276-0BBFC242B044}.Ad-Hoc|Any CPU.ActiveCfg = Debug|Any CPU
		{7409C225-7999-4603-A276-0BBFC242B044}.Ad-Hoc|Any CPU.Build.0 = Debug|Any CPU
		{7409C225-7999-4603-A276-0BBFC242B044}.Ad-Hoc|Any CPU.Deploy.0 = Debug|Any CPU
		{7409C225-7999-4603-A276-0BBFC242B044}.Ad-Hoc|iPhone.ActiveCfg = Debug|Any CPU
		{7409C225-7999-4603-A276-0BBFC242B044}.Ad-Hoc|iPhone.Build.0 = Debug|Any CPU
		{7409C225-7999-4603-A276-0BBFC242B044}.Ad-Hoc|iPhone.Deploy.0 = Debug|Any CPU
		{7409C225-7999-4603-A276-0BBFC242B044}.Ad-Hoc|iPhoneSimulator.ActiveCfg = Debug|Any CPU
		{7409C225-7999-4603-A276-0BBFC242B044}.Ad-Hoc|iPhoneSimulator.Build.0 = Debug|Any CPU
		{7409C225-7999-4603-A276-0BBFC242B044}.Ad-Hoc|iPhoneSimulator.Deploy.0 = Debug|Any CPU
		{7409C225-7999-4603-A276-0BBFC242B044}.AppStore|Any CPU.ActiveCfg = Debug|Any CPU
		{7409C225-7999-4603-A276-0BBFC242B044}.AppStore|Any CPU.Build.0 = Debug|Any CPU
		{7409C225-7999-4603-A276-0BBFC242B044}.AppStore|Any CPU.Deploy.0 = Debug|Any CPU
		{7409C225-7999-4603-A276-0BBFC242B044}.AppStore|iPhone.ActiveCfg = Debug|Any CPU
		{7409C225-7999-4603-A276-0BBFC242B044}.AppStore|iPhone.Build.0 = Debug|Any CPU
		{7409C225-7999-4603-A276-0BBFC242B044}.AppStore|iPhone.Deploy.0 = Debug|Any CPU
		{7409C225-7999-4603-A276-0BBFC242B044}.AppStore|iPhoneSimulator.ActiveCfg = Debug|Any CPU
		{7409C225-7999-4603-A276-0BBFC242B044}.AppStore|iPhoneSimulator.Build.0 = Debug|Any CPU
		{7409C225-7999-4603-A276-0BBFC242B044}.AppStore|iPhoneSimulator.Deploy.0 = Debug|Any CPU
		{7409C225-7999-4603-A276-0BBFC242B044}.Debug|Any CPU.ActiveCfg = Debug|Any CPU
		{7409C225-7999-4603-A276-0BBFC242B044}.Debug|Any CPU.Build.0 = Debug|Any CPU
		{7409C225-7999-4603-A276-0BBFC242B044}.Debug|Any CPU.Deploy.0 = Debug|Any CPU
		{7409C225-7999-4603-A276-0BBFC242B044}.Debug|iPhone.ActiveCfg = Debug|Any CPU
		{7409C225-7999-4603-A276-0BBFC242B044}.Debug|iPhone.Build.0 = Debug|Any CPU
		{7409C225-7999-4603-A276-0BBFC242B044}.Debug|iPhone.Deploy.0 = Debug|Any CPU
		{7409C225-7999-4603-A276-0BBFC242B044}.Debug|iPhoneSimulator.ActiveCfg = Debug|Any CPU
		{7409C225-7999-4603-A276-0BBFC242B044}.Debug|iPhoneSimulator.Build.0 = Debug|Any CPU
		{7409C225-7999-4603-A276-0BBFC242B044}.Debug|iPhoneSimulator.Deploy.0 = Debug|Any CPU
		{7409C225-7999-4603-A276-0BBFC242B044}.Release|Any CPU.ActiveCfg = Release|Any CPU
		{7409C225-7999-4603-A276-0BBFC242B044}.Release|Any CPU.Build.0 = Release|Any CPU
		{7409C225-7999-4603-A276-0BBFC242B044}.Release|Any CPU.Deploy.0 = Release|Any CPU
		{7409C225-7999-4603-A276-0BBFC242B044}.Release|iPhone.ActiveCfg = Release|Any CPU
		{7409C225-7999-4603-A276-0BBFC242B044}.Release|iPhone.Build.0 = Release|Any CPU
		{7409C225-7999-4603-A276-0BBFC242B044}.Release|iPhone.Deploy.0 = Release|Any CPU
		{7409C225-7999-4603-A276-0BBFC242B044}.Release|iPhoneSimulator.ActiveCfg = Release|Any CPU
		{7409C225-7999-4603-A276-0BBFC242B044}.Release|iPhoneSimulator.Build.0 = Release|Any CPU
		{7409C225-7999-4603-A276-0BBFC242B044}.Release|iPhoneSimulator.Deploy.0 = Release|Any CPU
	EndGlobalSection
	GlobalSection(SolutionProperties) = preSolution
		HideSolutionNode = FALSE
	EndGlobalSection
	GlobalSection(ExtensibilityGlobals) = postSolution
		SolutionGuid = {5FEC4D0D-F96C-4095-AF18-568F3C9C6CF1}
	EndGlobalSection
EndGlobal
