
Microsoft Visual Studio Solution File, Format Version 12.00
# Visual Studio 15
VisualStudioVersion = 15.0.28307.438
MinimumVisualStudioVersion = 10.0.40219.1
Project("{FAE04EC0-301F-11D3-BF4B-00C04F79EFBC}") = "App01_ConsultaCEP.Android", "App01_ConsultaCEP\App01_ConsultaCEP.Android\App01_ConsultaCEP.Android.csproj", "{B1C36A56-D1E3-4144-9641-27B0F6059F74}"
EndProject
Project("{FAE04EC0-301F-11D3-BF4B-00C04F79EFBC}") = "App01_ConsultaCEP.iOS", "App01_ConsultaCEP\App01_ConsultaCEP.iOS\App01_ConsultaCEP.iOS.csproj", "{ACF8A6B7-CA3B-4E7D-86D2-785824394FF4}"
EndProject
Project("{FAE04EC0-301F-11D3-BF4B-00C04F79EFBC}") = "App01_ConsultaCEP", "App01_ConsultaCEP\App01_ConsultaCEP\App01_ConsultaCEP.csproj", "{2E0A55D4-9395-44AA-AB9D-D1A446976428}"
EndProject
Global
	GlobalSection(SolutionConfigurationPlatforms) = preSolution
		Ad-Hoc|Any CPU = Ad-Hoc|Any CPU
		Ad-Hoc|iPhone = Ad-Hoc|iPhone
		Ad-Hoc|iPhoneSimulator = Ad-Hoc|iPhoneSimulator
		AppStore|Any CPU = AppStore|Any CPU
		AppStore|iPhone = AppStore|iPhone
		AppStore|iPhoneSimulator = AppStore|iPhoneSimulator
		Debug|Any CPU = Debug|Any CPU
		Debug|iPhone = Debug|iPhone
		Debug|iPhoneSimulator = Debug|iPhoneSimulator
		Release|Any CPU = Release|Any CPU
		Release|iPhone = Release|iPhone
		Release|iPhoneSimulator = Release|iPhoneSimulator
	EndGlobalSection
	GlobalSection(ProjectConfigurationPlatforms) = postSolution
		{B1C36A56-D1E3-4144-9641-27B0F6059F74}.Ad-Hoc|Any CPU.ActiveCfg = Release|Any CPU
		{B1C36A56-D1E3-4144-9641-27B0F6059F74}.Ad-Hoc|Any CPU.Build.0 = Release|Any CPU
		{B1C36A56-D1E3-4144-9641-27B0F6059F74}.Ad-Hoc|Any CPU.Deploy.0 = Release|Any CPU
		{B1C36A56-D1E3-4144-9641-27B0F6059F74}.Ad-Hoc|iPhone.ActiveCfg = Release|Any CPU
		{B1C36A56-D1E3-4144-9641-27B0F6059F74}.Ad-Hoc|iPhone.Build.0 = Release|Any CPU
		{B1C36A56-D1E3-4144-9641-27B0F6059F74}.Ad-Hoc|iPhone.Deploy.0 = Release|Any CPU
		{B1C36A56-D1E3-4144-9641-27B0F6059F74}.Ad-Hoc|iPhoneSimulator.ActiveCfg = Release|Any CPU
		{B1C36A56-D1E3-4144-9641-27B0F6059F74}.Ad-Hoc|iPhoneSimulator.Build.0 = Release|Any CPU
		{B1C36A56-D1E3-4144-9641-27B0F6059F74}.Ad-Hoc|iPhoneSimulator.Deploy.0 = Release|Any CPU
		{B1C36A56-D1E3-4144-9641-27B0F6059F74}.AppStore|Any CPU.ActiveCfg = Release|Any CPU
		{B1C36A56-D1E3-4144-9641-27B0F6059F74}.AppStore|Any CPU.Build.0 = Release|Any CPU
		{B1C36A56-D1E3-4144-9641-27B0F6059F74}.AppStore|Any CPU.Deploy.0 = Release|Any CPU
		{B1C36A56-D1E3-4144-9641-27B0F6059F74}.AppStore|iPhone.ActiveCfg = Release|Any CPU
		{B1C36A56-D1E3-4144-9641-27B0F6059F74}.AppStore|iPhone.Build.0 = Release|Any CPU
		{B1C36A56-D1E3-4144-9641-27B0F6059F74}.AppStore|iPhone.Deploy.0 = Release|Any CPU
		{B1C36A56-D1E3-4144-9641-27B0F6059F74}.AppStore|iPhoneSimulator.ActiveCfg = Release|Any CPU
		{B1C36A56-D1E3-4144-9641-27B0F6059F74}.AppStore|iPhoneSimulator.Build.0 = Release|Any CPU
		{B1C36A56-D1E3-4144-9641-27B0F6059F74}.AppStore|iPhoneSimulator.Deploy.0 = Release|Any CPU
		{B1C36A56-D1E3-4144-9641-27B0F6059F74}.Debug|Any CPU.ActiveCfg = Debug|Any CPU
		{B1C36A56-D1E3-4144-9641-27B0F6059F74}.Debug|Any CPU.Build.0 = Debug|Any CPU
		{B1C36A56-D1E3-4144-9641-27B0F6059F74}.Debug|Any CPU.Deploy.0 = Debug|Any CPU
		{B1C36A56-D1E3-4144-9641-27B0F6059F74}.Debug|iPhone.ActiveCfg = Debug|Any CPU
		{B1C36A56-D1E3-4144-9641-27B0F6059F74}.Debug|iPhone.Build.0 = Debug|Any CPU
		{B1C36A56-D1E3-4144-9641-27B0F6059F74}.Debug|iPhone.Deploy.0 = Debug|Any CPU
		{B1C36A56-D1E3-4144-9641-27B0F6059F74}.Debug|iPhoneSimulator.ActiveCfg = Debug|Any CPU
		{B1C36A56-D1E3-4144-9641-27B0F6059F74}.Debug|iPhoneSimulator.Build.0 = Debug|Any CPU
		{B1C36A56-D1E3-4144-9641-27B0F6059F74}.Debug|iPhoneSimulator.Deploy.0 = Debug|Any CPU
		{B1C36A56-D1E3-4144-9641-27B0F6059F74}.Release|Any CPU.ActiveCfg = Release|Any CPU
		{B1C36A56-D1E3-4144-9641-27B0F6059F74}.Release|Any CPU.Build.0 = Release|Any CPU
		{B1C36A56-D1E3-4144-9641-27B0F6059F74}.Release|Any CPU.Deploy.0 = Release|Any CPU
		{B1C36A56-D1E3-4144-9641-27B0F6059F74}.Release|iPhone.ActiveCfg = Release|Any CPU
		{B1C36A56-D1E3-4144-9641-27B0F6059F74}.Release|iPhone.Build.0 = Release|Any CPU
		{B1C36A56-D1E3-4144-9641-27B0F6059F74}.Release|iPhone.Deploy.0 = Release|Any CPU
		{B1C36A56-D1E3-4144-9641-27B0F6059F74}.Release|iPhoneSimulator.ActiveCfg = Release|Any CPU
		{B1C36A56-D1E3-4144-9641-27B0F6059F74}.Release|iPhoneSimulator.Build.0 = Release|Any CPU
		{B1C36A56-D1E3-4144-9641-27B0F6059F74}.Release|iPhoneSimulator.Deploy.0 = Release|Any CPU
		{ACF8A6B7-CA3B-4E7D-86D2-785824394FF4}.Ad-Hoc|Any CPU.ActiveCfg = Ad-Hoc|iPhone
		{ACF8A6B7-CA3B-4E7D-86D2-785824394FF4}.Ad-Hoc|Any CPU.Build.0 = Ad-Hoc|iPhone
		{ACF8A6B7-CA3B-4E7D-86D2-785824394FF4}.Ad-Hoc|Any CPU.Deploy.0 = Ad-Hoc|iPhone
		{ACF8A6B7-CA3B-4E7D-86D2-785824394FF4}.Ad-Hoc|iPhone.ActiveCfg = Ad-Hoc|iPhone
		{ACF8A6B7-CA3B-4E7D-86D2-785824394FF4}.Ad-Hoc|iPhone.Build.0 = Ad-Hoc|iPhone
		{ACF8A6B7-CA3B-4E7D-86D2-785824394FF4}.Ad-Hoc|iPhone.Deploy.0 = Ad-Hoc|iPhone
		{ACF8A6B7-CA3B-4E7D-86D2-785824394FF4}.Ad-Hoc|iPhoneSimulator.ActiveCfg = Ad-Hoc|iPhoneSimulator
		{ACF8A6B7-CA3B-4E7D-86D2-785824394FF4}.Ad-Hoc|iPhoneSimulator.Build.0 = Ad-Hoc|iPhoneSimulator
		{ACF8A6B7-CA3B-4E7D-86D2-785824394FF4}.Ad-Hoc|iPhoneSimulator.Deploy.0 = Ad-Hoc|iPhoneSimulator
		{ACF8A6B7-CA3B-4E7D-86D2-785824394FF4}.AppStore|Any CPU.ActiveCfg = AppStore|iPhone
		{ACF8A6B7-CA3B-4E7D-86D2-785824394FF4}.AppStore|Any CPU.Build.0 = AppStore|iPhone
		{ACF8A6B7-CA3B-4E7D-86D2-785824394FF4}.AppStore|Any CPU.Deploy.0 = AppStore|iPhone
		{ACF8A6B7-CA3B-4E7D-86D2-785824394FF4}.AppStore|iPhone.ActiveCfg = AppStore|iPhone
		{ACF8A6B7-CA3B-4E7D-86D2-785824394FF4}.AppStore|iPhone.Build.0 = AppStore|iPhone
		{ACF8A6B7-CA3B-4E7D-86D2-785824394FF4}.AppStore|iPhone.Deploy.0 = AppStore|iPhone
		{ACF8A6B7-CA3B-4E7D-86D2-785824394FF4}.AppStore|iPhoneSimulator.ActiveCfg = AppStore|iPhoneSimulator
		{ACF8A6B7-CA3B-4E7D-86D2-785824394FF4}.AppStore|iPhoneSimulator.Build.0 = AppStore|iPhoneSimulator
		{ACF8A6B7-CA3B-4E7D-86D2-785824394FF4}.AppStore|iPhoneSimulator.Deploy.0 = AppStore|iPhoneSimulator
		{ACF8A6B7-CA3B-4E7D-86D2-785824394FF4}.Debug|Any CPU.ActiveCfg = Debug|iPhoneSimulator
		{ACF8A6B7-CA3B-4E7D-86D2-785824394FF4}.Debug|Any CPU.Build.0 = Debug|iPhoneSimulator
		{ACF8A6B7-CA3B-4E7D-86D2-785824394FF4}.Debug|Any CPU.Deploy.0 = Debug|iPhoneSimulator
		{ACF8A6B7-CA3B-4E7D-86D2-785824394FF4}.Debug|iPhone.ActiveCfg = Debug|iPhone
		{ACF8A6B7-CA3B-4E7D-86D2-785824394FF4}.Debug|iPhone.Build.0 = Debug|iPhone
		{ACF8A6B7-CA3B-4E7D-86D2-785824394FF4}.Debug|iPhone.Deploy.0 = Debug|iPhone
		{ACF8A6B7-CA3B-4E7D-86D2-785824394FF4}.Debug|iPhoneSimulator.ActiveCfg = Debug|iPhoneSimulator
		{ACF8A6B7-CA3B-4E7D-86D2-785824394FF4}.Debug|iPhoneSimulator.Build.0 = Debug|iPhoneSimulator
		{ACF8A6B7-CA3B-4E7D-86D2-785824394FF4}.Debug|iPhoneSimulator.Deploy.0 = Debug|iPhoneSimulator
		{ACF8A6B7-CA3B-4E7D-86D2-785824394FF4}.Release|Any CPU.ActiveCfg = Release|iPhone
		{ACF8A6B7-CA3B-4E7D-86D2-785824394FF4}.Release|Any CPU.Build.0 = Release|iPhone
		{ACF8A6B7-CA3B-4E7D-86D2-785824394FF4}.Release|Any CPU.Deploy.0 = Release|iPhone
		{ACF8A6B7-CA3B-4E7D-86D2-785824394FF4}.Release|iPhone.ActiveCfg = Release|iPhone
		{ACF8A6B7-CA3B-4E7D-86D2-785824394FF4}.Release|iPhone.Build.0 = Release|iPhone
		{ACF8A6B7-CA3B-4E7D-86D2-785824394FF4}.Release|iPhone.Deploy.0 = Release|iPhone
		{ACF8A6B7-CA3B-4E7D-86D2-785824394FF4}.Release|iPhoneSimulator.ActiveCfg = Release|iPhoneSimulator
		{ACF8A6B7-CA3B-4E7D-86D2-785824394FF4}.Release|iPhoneSimulator.Build.0 = Release|iPhoneSimulator
		{ACF8A6B7-CA3B-4E7D-86D2-785824394FF4}.Release|iPhoneSimulator.Deploy.0 = Release|iPhoneSimulator
		{2E0A55D4-9395-44AA-AB9D-D1A446976428}.Ad-Hoc|Any CPU.ActiveCfg = Debug|Any CPU
		{2E0A55D4-9395-44AA-AB9D-D1A446976428}.Ad-Hoc|Any CPU.Build.0 = Debug|Any CPU
		{2E0A55D4-9395-44AA-AB9D-D1A446976428}.Ad-Hoc|Any CPU.Deploy.0 = Debug|Any CPU
		{2E0A55D4-9395-44AA-AB9D-D1A446976428}.Ad-Hoc|iPhone.ActiveCfg = Debug|Any CPU
		{2E0A55D4-9395-44AA-AB9D-D1A446976428}.Ad-Hoc|iPhone.Build.0 = Debug|Any CPU
		{2E0A55D4-9395-44AA-AB9D-D1A446976428}.Ad-Hoc|iPhone.Deploy.0 = Debug|Any CPU
		{2E0A55D4-9395-44AA-AB9D-D1A446976428}.Ad-Hoc|iPhoneSimulator.ActiveCfg = Debug|Any CPU
		{2E0A55D4-9395-44AA-AB9D-D1A446976428}.Ad-Hoc|iPhoneSimulator.Build.0 = Debug|Any CPU
		{2E0A55D4-9395-44AA-AB9D-D1A446976428}.Ad-Hoc|iPhoneSimulator.Deploy.0 = Debug|Any CPU
		{2E0A55D4-9395-44AA-AB9D-D1A446976428}.AppStore|Any CPU.ActiveCfg = Debug|Any CPU
		{2E0A55D4-9395-44AA-AB9D-D1A446976428}.AppStore|Any CPU.Build.0 = Debug|Any CPU
		{2E0A55D4-9395-44AA-AB9D-D1A446976428}.AppStore|Any CPU.Deploy.0 = Debug|Any CPU
		{2E0A55D4-9395-44AA-AB9D-D1A446976428}.AppStore|iPhone.ActiveCfg = Debug|Any CPU
		{2E0A55D4-9395-44AA-AB9D-D1A446976428}.AppStore|iPhone.Build.0 = Debug|Any CPU
		{2E0A55D4-9395-44AA-AB9D-D1A446976428}.AppStore|iPhone.Deploy.0 = Debug|Any CPU
		{2E0A55D4-9395-44AA-AB9D-D1A446976428}.AppStore|iPhoneSimulator.ActiveCfg = Debug|Any CPU
		{2E0A55D4-9395-44AA-AB9D-D1A446976428}.AppStore|iPhoneSimulator.Build.0 = Debug|Any CPU
		{2E0A55D4-9395-44AA-AB9D-D1A446976428}.AppStore|iPhoneSimulator.Deploy.0 = Debug|Any CPU
		{2E0A55D4-9395-44AA-AB9D-D1A446976428}.Debug|Any CPU.ActiveCfg = Debug|Any CPU
		{2E0A55D4-9395-44AA-AB9D-D1A446976428}.Debug|Any CPU.Build.0 = Debug|Any CPU
		{2E0A55D4-9395-44AA-AB9D-D1A446976428}.Debug|Any CPU.Deploy.0 = Debug|Any CPU
		{2E0A55D4-9395-44AA-AB9D-D1A446976428}.Debug|iPhone.ActiveCfg = Debug|Any CPU
		{2E0A55D4-9395-44AA-AB9D-D1A446976428}.Debug|iPhone.Build.0 = Debug|Any CPU
		{2E0A55D4-9395-44AA-AB9D-D1A446976428}.Debug|iPhone.Deploy.0 = Debug|Any CPU
		{2E0A55D4-9395-44AA-AB9D-D1A446976428}.Debug|iPhoneSimulator.ActiveCfg = Debug|Any CPU
		{2E0A55D4-9395-44AA-AB9D-D1A446976428}.Debug|iPhoneSimulator.Build.0 = Debug|Any CPU
		{2E0A55D4-9395-44AA-AB9D-D1A446976428}.Debug|iPhoneSimulator.Deploy.0 = Debug|Any CPU
		{2E0A55D4-9395-44AA-AB9D-D1A446976428}.Release|Any CPU.ActiveCfg = Release|Any CPU
		{2E0A55D4-9395-44AA-AB9D-D1A446976428}.Release|Any CPU.Build.0 = Release|Any CPU
		{2E0A55D4-9395-44AA-AB9D-D1A446976428}.Release|Any CPU.Deploy.0 = Release|Any CPU
		{2E0A55D4-9395-44AA-AB9D-D1A446976428}.Release|iPhone.ActiveCfg = Release|Any CPU
		{2E0A55D4-9395-44AA-AB9D-D1A446976428}.Release|iPhone.Build.0 = Release|Any CPU
		{2E0A55D4-9395-44AA-AB9D-D1A446976428}.Release|iPhone.Deploy.0 = Release|Any CPU
		{2E0A55D4-9395-44AA-AB9D-D1A446976428}.Release|iPhoneSimulator.ActiveCfg = Release|Any CPU
		{2E0A55D4-9395-44AA-AB9D-D1A446976428}.Release|iPhoneSimulator.Build.0 = Release|Any CPU
		{2E0A55D4-9395-44AA-AB9D-D1A446976428}.Release|iPhoneSimulator.Deploy.0 = Release|Any CPU
	EndGlobalSection
	GlobalSection(SolutionProperties) = preSolution
		HideSolutionNode = FALSE
	EndGlobalSection
	GlobalSection(ExtensibilityGlobals) = postSolution
		SolutionGuid = {A769EC6A-8CDE-4303-BC47-E1D44453BF9F}
	EndGlobalSection
EndGlobal
